{
  "version": 4,
  "terraform_version": "1.5.7",
  "serial": 71,
  "lineage": "c49a59e9-f491-88d8-288a-92fb19d1b296",
  "outputs": {
    "connection_string_template": {
      "value": "postgresql://postgres_admin:PASSWORD@staff-de-journey-postgres.c9m24scg8pte.eu-north-1.rds.amazonaws.com:5432/ecommerce",
      "type": "string",
      "sensitive": true
    },
    "debezium_elastic_ip": {
      "value": "56.228.75.74",
      "type": "string"
    },
    "debezium_instance_id": {
      "value": "i-042dbb1daaa085576",
      "type": "string"
    },
    "debezium_public_ip": {
      "value": "56.228.75.74",
      "type": "string"
    },
    "msk_bootstrap_brokers": {
      "value": "",
      "type": "string"
    },
    "msk_cluster_arn": {
      "value": "arn:aws:kafka:eu-north-1:467091806172:cluster/staff-de-journey-kafka/6bba55da-e00e-434e-9124-dc91001e8cff-2",
      "type": "string"
    },
    "msk_zookeeper_connect": {
      "value": "z-1.staffdejourneykafka.g6712a.c2.kafka.eu-north-1.amazonaws.com:2181,z-2.staffdejourneykafka.g6712a.c2.kafka.eu-north-1.amazonaws.com:2181,z-3.staffdejourneykafka.g6712a.c2.kafka.eu-north-1.amazonaws.com:2181",
      "type": "string"
    },
    "private_subnet_ids": {
      "value": [
        "subnet-0c3f87cfb6af75bd8",
        "subnet-03e96b9010fcdfa3f"
      ],
      "type": [
        "tuple",
        [
          "string",
          "string"
        ]
      ]
    },
    "rds_db_name": {
      "value": "ecommerce",
      "type": "string"
    },
    "rds_endpoint": {
      "value": "staff-de-journey-postgres.c9m24scg8pte.eu-north-1.rds.amazonaws.com:5432",
      "type": "string"
    },
    "rds_hostname": {
      "value": "staff-de-journey-postgres.c9m24scg8pte.eu-north-1.rds.amazonaws.com",
      "type": "string"
    },
    "rds_port": {
      "value": 5432,
      "type": "number"
    },
    "rds_security_group_id": {
      "value": "sg-09b7548058600ad3e",
      "type": "string"
    },
    "rds_username": {
      "value": "postgres_admin",
      "type": "string",
      "sensitive": true
    },
    "ssh_command": {
      "value": "ssh -i ~/.ssh/staff-de-journey-key.pem ec2-user@56.228.75.74",
      "type": "string"
    },
    "vpc_id": {
      "value": "vpc-0dd80759fb3b617ae",
      "type": "string"
    }
  },
  "resources": [
    {
      "mode": "data",
      "type": "aws_ami",
      "name": "amazon_linux",
      "provider": "provider[\"registry.terraform.io/hashicorp/aws\"]",
      "instances": [
        {
          "schema_version": 0,
          "attributes": {
            "architecture": "x86_64",
            "arn": "arn:aws:ec2:eu-north-1::image/ami-085cdf323a201d72d",
            "block_device_mappings": [
              {
                "device_name": "/dev/xvda",
                "ebs": {
                  "delete_on_termination": "true",
                  "encrypted": "false",
                  "iops": "3000",
                  "snapshot_id": "snap-0f521dfa6c197d574",
                  "throughput": "125",
                  "volume_initialization_rate": "0",
                  "volume_size": "2",
                  "volume_type": "gp3"
                },
                "no_device": "",
                "virtual_name": ""
              }
            ],
            "boot_mode": "uefi-preferred",
            "creation_date": "2026-03-27T02:55:50.000Z",
            "deprecation_time": "2026-06-25T03:00:00.000Z",
            "description": "Amazon Linux 2023 AMI 2023.10.20260325.0 x86_64 Minimal HVM kernel-6.18",
            "ena_support": true,
            "executable_users": null,
            "filter": [
              {
                "name": "name",
                "values": [
                  "al2023-ami-*-x86_64"
                ]
              },
              {
                "name": "virtualization-type",
                "values": [
                  "hvm"
                ]
              }
            ],
            "hypervisor": "xen",
            "id": "ami-085cdf323a201d72d",
            "image_id": "ami-085cdf323a201d72d",
            "image_location": "amazon/al2023-ami-minimal-2023.10.20260325.0-kernel-6.18-x86_64",
            "image_owner_alias": "amazon",
            "image_type": "machine",
            "imds_support": "v2.0",
            "include_deprecated": false,
            "kernel_id": "",
            "last_launched_time": "",
            "most_recent": true,
            "name": "al2023-ami-minimal-2023.10.20260325.0-kernel-6.18-x86_64",
            "name_regex": null,
            "owner_id": "137112412989",
            "owners": [
              "amazon"
            ],
            "platform": "",
            "platform_details": "Linux/UNIX",
            "product_codes": [],
            "public": true,
            "ramdisk_id": "",
            "root_device_name": "/dev/xvda",
            "root_device_type": "ebs",
            "root_snapshot_id": "snap-0f521dfa6c197d574",
            "sriov_net_support": "simple",
            "state": "available",
            "state_reason": {
              "code": "UNSET",
              "message": "UNSET"
            },
            "tags": {},
            "timeouts": null,
            "tpm_support": "",
            "uefi_data": null,
            "usage_operation": "RunInstances",
            "virtualization_type": "hvm"
          },
          "sensitive_attributes": []
        }
      ]
    },
    {
      "mode": "managed",
      "type": "aws_cloudwatch_log_group",
      "name": "msk",
      "provider": "provider[\"registry.terraform.io/hashicorp/aws\"]",
      "instances": [
        {
          "schema_version": 0,
          "attributes": {
            "arn": "arn:aws:logs:eu-north-1:467091806172:log-group:/aws/msk/staff-de-journey",
            "id": "/aws/msk/staff-de-journey",
            "kms_key_id": "",
            "log_group_class": "STANDARD",
            "name": "/aws/msk/staff-de-journey",
            "name_prefix": "",
            "retention_in_days": 7,
            "skip_destroy": false,
            "tags": {
              "Name": "staff-de-journey-msk-logs"
            },
            "tags_all": {
              "Name": "staff-de-journey-msk-logs",
              "env": "dev",
              "project": "staff-de-journey"
            }
          },
          "sensitive_attributes": [],
          "private": "bnVsbA=="
        }
      ]
    },
    {
      "mode": "managed",
      "type": "aws_db_instance",
      "name": "postgres",
      "provider": "provider[\"registry.terraform.io/hashicorp/aws\"]",
      "instances": [
        {
          "schema_version": 2,
          "attributes": {
            "address": "staff-de-journey-postgres.c9m24scg8pte.eu-north-1.rds.amazonaws.com",
            "allocated_storage": 40,
            "allow_major_version_upgrade": null,
            "apply_immediately": true,
            "arn": "arn:aws:rds:eu-north-1:467091806172:db:staff-de-journey-postgres",
            "auto_minor_version_upgrade": true,
            "availability_zone": "eu-north-1b",
            "backup_retention_period": 0,
            "backup_target": "region",
            "backup_window": "03:00-04:00",
            "blue_green_update": [],
            "ca_cert_identifier": "rds-ca-rsa2048-g1",
            "character_set_name": "",
            "copy_tags_to_snapshot": false,
            "custom_iam_instance_profile": "",
            "customer_owned_ip_enabled": false,
            "database_insights_mode": "standard",
            "db_name": "ecommerce",
            "db_subnet_group_name": "staff-de-journey-subnet-group",
            "dedicated_log_volume": false,
            "delete_automated_backups": true,
            "deletion_protection": false,
            "domain": "",
            "domain_auth_secret_arn": "",
            "domain_dns_ips": [],
            "domain_fqdn": "",
            "domain_iam_role_name": "",
            "domain_ou": "",
            "enabled_cloudwatch_logs_exports": [],
            "endpoint": "staff-de-journey-postgres.c9m24scg8pte.eu-north-1.rds.amazonaws.com:5432",
            "engine": "postgres",
            "engine_lifecycle_support": "open-source-rds-extended-support",
            "engine_version": "15.17",
            "engine_version_actual": "15.17",
            "final_snapshot_identifier": null,
            "hosted_zone_id": "Z3MPDEQW7KHUGY",
            "iam_database_authentication_enabled": false,
            "id": "db-G7XLYDV6CD6HIJ5RRX36UEPOIY",
            "identifier": "staff-de-journey-postgres",
            "identifier_prefix": "",
            "instance_class": "db.t3.micro",
            "iops": 0,
            "kms_key_id": "arn:aws:kms:eu-north-1:467091806172:key/3dc9d1d5-a21f-45ca-a1fc-f5948cc0c6e9",
            "latest_restorable_time": "",
            "license_model": "postgresql-license",
            "listener_endpoint": [],
            "maintenance_window": "mon:04:00-mon:05:00",
            "manage_master_user_password": null,
            "master_user_secret": [],
            "master_user_secret_kms_key_id": null,
            "max_allocated_storage": 100,
            "monitoring_interval": 0,
            "monitoring_role_arn": "",
            "multi_az": false,
            "nchar_character_set_name": "",
            "network_type": "IPV4",
            "option_group_name": "default:postgres-15",
            "parameter_group_name": "staff-de-journey-postgres15-cdc",
            "password": "ChangeMe123!",
            "password_wo": null,
            "password_wo_version": null,
            "performance_insights_enabled": false,
            "performance_insights_kms_key_id": "",
            "performance_insights_retention_period": 0,
            "port": 5432,
            "publicly_accessible": true,
            "replica_mode": "",
            "replicas": [],
            "replicate_source_db": "",
            "resource_id": "db-G7XLYDV6CD6HIJ5RRX36UEPOIY",
            "restore_to_point_in_time": [],
            "s3_import": [],
            "skip_final_snapshot": true,
            "snapshot_identifier": null,
            "status": "available",
            "storage_encrypted": true,
            "storage_throughput": 0,
            "storage_type": "gp2",
            "tags": {
              "Name": "staff-de-journey-postgres"
            },
            "tags_all": {
              "Name": "staff-de-journey-postgres",
              "env": "dev",
              "project": "staff-de-journey"
            },
            "timeouts": null,
            "timezone": "",
            "upgrade_storage_config": null,
            "username": "postgres_admin",
            "vpc_security_group_ids": [
              "sg-09b7548058600ad3e"
            ]
          },
          "sensitive_attributes": [
            [
              {
                "type": "get_attr",
                "value": "password"
              }
            ],
            [
              {
                "type": "get_attr",
                "value": "username"
              }
            ]
          ],
          "private": "eyJlMmJmYjczMC1lY2FhLTExZTYtOGY4OC0zNDM2M2JjN2M0YzAiOnsiY3JlYXRlIjozMDAwMDAwMDAwMDAwLCJkZWxldGUiOjM2MDAwMDAwMDAwMDAsInVwZGF0ZSI6NDgwMDAwMDAwMDAwMH0sInNjaGVtYV92ZXJzaW9uIjoiMiJ9",
          "dependencies": [
            "aws_db_parameter_group.postgres_cdc",
            "aws_db_subnet_group.main",
            "aws_security_group.rds",
            "aws_subnet.private_a",
            "aws_subnet.private_b",
            "aws_vpc.main"
          ]
        }
      ]
    },
    {
      "mode": "managed",
      "type": "aws_db_parameter_group",
      "name": "postgres_cdc",
      "provider": "provider[\"registry.terraform.io/hashicorp/aws\"]",
      "instances": [
        {
          "schema_version": 0,
          "attributes": {
            "arn": "arn:aws:rds:eu-north-1:467091806172:pg:staff-de-journey-postgres15-cdc",
            "description": "PostgreSQL 15 with logical replication enabled for Debezium CDC",
            "family": "postgres15",
            "id": "staff-de-journey-postgres15-cdc",
            "name": "staff-de-journey-postgres15-cdc",
            "name_prefix": "",
            "parameter": [
              {
                "apply_method": "pending-reboot",
                "name": "max_replication_slots",
                "value": "5"
              },
              {
                "apply_method": "pending-reboot",
                "name": "max_wal_senders",
                "value": "5"
              },
              {
                "apply_method": "pending-reboot",
                "name": "rds.logical_replication",
                "value": "1"
              }
            ],
            "skip_destroy": false,
            "tags": {
              "Name": "staff-de-journey-pg-params"
            },
            "tags_all": {
              "Name": "staff-de-journey-pg-params",
              "env": "dev",
              "project": "staff-de-journey"
            }
          },
          "sensitive_attributes": [],
          "private": "bnVsbA=="
        }
      ]
    },
    {
      "mode": "managed",
      "type": "aws_db_subnet_group",
      "name": "main",
      "provider": "provider[\"registry.terraform.io/hashicorp/aws\"]",
      "instances": [
        {
          "schema_version": 0,
          "attributes": {
            "arn": "arn:aws:rds:eu-north-1:467091806172:subgrp:staff-de-journey-subnet-group",
            "description": "Subnet group for staff-de-journey RDS",
            "id": "staff-de-journey-subnet-group",
            "name": "staff-de-journey-subnet-group",
            "name_prefix": "",
            "subnet_ids": [
              "subnet-03e96b9010fcdfa3f",
              "subnet-0c3f87cfb6af75bd8"
            ],
            "supported_network_types": [
              "IPV4"
            ],
            "tags": {
              "Name": "staff-de-journey-db-subnet-group"
            },
            "tags_all": {
              "Name": "staff-de-journey-db-subnet-group",
              "env": "dev",
              "project": "staff-de-journey"
            },
            "vpc_id": "vpc-0dd80759fb3b617ae"
          },
          "sensitive_attributes": [],
          "private": "bnVsbA==",
          "dependencies": [
            "aws_subnet.private_a",
            "aws_subnet.private_b",
            "aws_vpc.main"
          ]
        }
      ]
    },
    {
      "mode": "managed",
      "type": "aws_eip_association",
      "name": "debezium",
      "provider": "provider[\"registry.terraform.io/hashicorp/aws\"]",
      "instances": [
        {
          "schema_version": 0,
          "attributes": {
            "allocation_id": "eipalloc-0ca6709d9686a9e78",
            "allow_reassociation": null,
            "id": "eipassoc-095e5d3e5b0f36ec9",
            "instance_id": "i-042dbb1daaa085576",
            "network_interface_id": "eni-024ac17ef330c9ead",
            "private_ip_address": "10.0.1.170",
            "public_ip": "56.228.75.74"
          },
          "sensitive_attributes": [],
          "private": "bnVsbA==",
          "dependencies": [
            "aws_instance.debezium"
          ]
        }
      ]
    },
    {
      "mode": "managed",
      "type": "aws_instance",
      "name": "debezium",
      "provider": "provider[\"registry.terraform.io/hashicorp/aws\"]",
      "instances": [
        {
          "schema_version": 1,
          "attributes": {
            "ami": "ami-085cdf323a201d72d",
            "arn": "arn:aws:ec2:eu-north-1:467091806172:instance/i-042dbb1daaa085576",
            "associate_public_ip_address": true,
            "availability_zone": "eu-north-1a",
            "capacity_reservation_specification": [
              {
                "capacity_reservation_preference": "open",
                "capacity_reservation_target": []
              }
            ],
            "cpu_core_count": 1,
            "cpu_options": [
              {
                "amd_sev_snp": "",
                "core_count": 1,
                "threads_per_core": 2
              }
            ],
            "cpu_threads_per_core": 2,
            "credit_specification": [
              {
                "cpu_credits": "unlimited"
              }
            ],
            "disable_api_stop": false,
            "disable_api_termination": false,
            "ebs_block_device": [],
            "ebs_optimized": false,
            "enable_primary_ipv6": null,
            "enclave_options": [
              {
                "enabled": false
              }
            ],
            "ephemeral_block_device": [],
            "get_password_data": false,
            "hibernation": false,
            "host_id": "",
            "host_resource_group_arn": null,
            "iam_instance_profile": "",
            "id": "i-042dbb1daaa085576",
            "instance_initiated_shutdown_behavior": "stop",
            "instance_lifecycle": "",
            "instance_market_options": [],
            "instance_state": "running",
            "instance_type": "t3.small",
            "ipv6_address_count": 0,
            "ipv6_addresses": [],
            "key_name": "staff-de-journey-key",
            "launch_template": [],
            "maintenance_options": [
              {
                "auto_recovery": "default"
              }
            ],
            "metadata_options": [
              {
                "http_endpoint": "enabled",
                "http_protocol_ipv6": "disabled",
                "http_put_response_hop_limit": 2,
                "http_tokens": "required",
                "instance_metadata_tags": "disabled"
              }
            ],
            "monitoring": false,
            "network_interface": [],
            "outpost_arn": "",
            "password_data": "",
            "placement_group": "",
            "placement_partition_number": 0,
            "primary_network_interface_id": "eni-024ac17ef330c9ead",
            "private_dns": "ip-10-0-1-170.eu-north-1.compute.internal",
            "private_dns_name_options": [
              {
                "enable_resource_name_dns_a_record": false,
                "enable_resource_name_dns_aaaa_record": false,
                "hostname_type": "ip-name"
              }
            ],
            "private_ip": "10.0.1.170",
            "public_dns": "ec2-56-228-75-74.eu-north-1.compute.amazonaws.com",
            "public_ip": "56.228.75.74",
            "root_block_device": [
              {
                "delete_on_termination": true,
                "device_name": "/dev/xvda",
                "encrypted": false,
                "iops": 3000,
                "kms_key_id": "",
                "tags": {},
                "tags_all": {
                  "env": "dev",
                  "project": "staff-de-journey"
                },
                "throughput": 125,
                "volume_id": "vol-08e5fd923a7393c5b",
                "volume_size": 30,
                "volume_type": "gp3"
              }
            ],
            "secondary_private_ips": [],
            "security_groups": [],
            "source_dest_check": true,
            "spot_instance_request_id": "",
            "subnet_id": "subnet-0c3f87cfb6af75bd8",
            "tags": {
              "Name": "staff-de-journey-debezium"
            },
            "tags_all": {
              "Name": "staff-de-journey-debezium",
              "env": "dev",
              "project": "staff-de-journey"
            },
            "tenancy": "default",
            "timeouts": null,
            "user_data": "8b00e44d5acbebead3db1ffa2fb6ec9c946ad4f7",
            "user_data_base64": null,
            "user_data_replace_on_change": false,
            "volume_tags": null,
            "vpc_security_group_ids": [
              "sg-0390a6ba9a304d5f2"
            ]
          },
          "sensitive_attributes": [],
          "private": "eyJlMmJmYjczMC1lY2FhLTExZTYtOGY4OC0zNDM2M2JjN2M0YzAiOnsiY3JlYXRlIjo2MDAwMDAwMDAwMDAsImRlbGV0ZSI6MTIwMDAwMDAwMDAwMCwicmVhZCI6OTAwMDAwMDAwMDAwLCJ1cGRhdGUiOjYwMDAwMDAwMDAwMH0sInNjaGVtYV92ZXJzaW9uIjoiMSJ9",
          "dependencies": [
            "aws_security_group.debezium",
            "aws_subnet.private_a",
            "aws_vpc.main",
            "data.aws_ami.amazon_linux"
          ]
        }
      ]
    },
    {
      "mode": "managed",
      "type": "aws_internet_gateway",
      "name": "main",
      "provider": "provider[\"registry.terraform.io/hashicorp/aws\"]",
      "instances": [
        {
          "schema_version": 0,
          "attributes": {
            "arn": "arn:aws:ec2:eu-north-1:467091806172:internet-gateway/igw-0f94e80f9913f48dd",
            "id": "igw-0f94e80f9913f48dd",
            "owner_id": "467091806172",
            "tags": {
              "Name": "staff-de-journey-igw"
            },
            "tags_all": {
              "Name": "staff-de-journey-igw",
              "env": "dev",
              "project": "staff-de-journey"
            },
            "timeouts": null,
            "vpc_id": "vpc-0dd80759fb3b617ae"
          },
          "sensitive_attributes": [],
          "private": "eyJlMmJmYjczMC1lY2FhLTExZTYtOGY4OC0zNDM2M2JjN2M0YzAiOnsiY3JlYXRlIjoxMjAwMDAwMDAwMDAwLCJkZWxldGUiOjEyMDAwMDAwMDAwMDAsInVwZGF0ZSI6MTIwMDAwMDAwMDAwMH19",
          "dependencies": [
            "aws_vpc.main"
          ]
        }
      ]
    },
    {
      "mode": "managed",
      "type": "aws_msk_configuration",
      "name": "main",
      "provider": "provider[\"registry.terraform.io/hashicorp/aws\"]",
      "instances": [
        {
          "schema_version": 0,
          "attributes": {
            "arn": "arn:aws:kafka:eu-north-1:467091806172:configuration/staff-de-journey-kafka-config/f67d8444-ee20-403e-89fd-fb231c278634-2",
            "description": "Kafka config for staff-de-journey dev cluster",
            "id": "arn:aws:kafka:eu-north-1:467091806172:configuration/staff-de-journey-kafka-config/f67d8444-ee20-403e-89fd-fb231c278634-2",
            "kafka_versions": [
              "3.6.0"
            ],
            "latest_revision": 1,
            "name": "staff-de-journey-kafka-config",
            "server_properties": "auto.create.topics.enable=true\ndefault.replication.factor=1\nmin.insync.replicas=1\nnum.partitions=3\nlog.retention.hours=168\nlog.retention.bytes=1073741824\n"
          },
          "sensitive_attributes": [],
          "private": "bnVsbA=="
        }
      ]
    },
    {
      "mode": "managed",
      "type": "aws_route_table",
      "name": "public",
      "provider": "provider[\"registry.terraform.io/hashicorp/aws\"]",
      "instances": [
        {
          "schema_version": 0,
          "attributes": {
            "arn": "arn:aws:ec2:eu-north-1:467091806172:route-table/rtb-0315af8b303d36f3a",
            "id": "rtb-0315af8b303d36f3a",
            "owner_id": "467091806172",
            "propagating_vgws": [],
            "route": [
              {
                "carrier_gateway_id": "",
                "cidr_block": "0.0.0.0/0",
                "core_network_arn": "",
                "destination_prefix_list_id": "",
                "egress_only_gateway_id": "",
                "gateway_id": "igw-0f94e80f9913f48dd",
                "ipv6_cidr_block": "",
                "local_gateway_id": "",
                "nat_gateway_id": "",
                "network_interface_id": "",
                "transit_gateway_id": "",
                "vpc_endpoint_id": "",
                "vpc_peering_connection_id": ""
              }
            ],
            "tags": {
              "Name": "staff-de-journey-rt-public"
            },
            "tags_all": {
              "Name": "staff-de-journey-rt-public",
              "env": "dev",
              "project": "staff-de-journey"
            },
            "timeouts": null,
            "vpc_id": "vpc-0dd80759fb3b617ae"
          },
          "sensitive_attributes": [],
          "private": "eyJlMmJmYjczMC1lY2FhLTExZTYtOGY4OC0zNDM2M2JjN2M0YzAiOnsiY3JlYXRlIjozMDAwMDAwMDAwMDAsImRlbGV0ZSI6MzAwMDAwMDAwMDAwLCJ1cGRhdGUiOjEyMDAwMDAwMDAwMH19",
          "dependencies": [
            "aws_internet_gateway.main",
            "aws_vpc.main"
          ]
        }
      ]
    },
    {
      "mode": "managed",
      "type": "aws_route_table_association",
      "name": "a",
      "provider": "provider[\"registry.terraform.io/hashicorp/aws\"]",
      "instances": [
        {
          "schema_version": 0,
          "attributes": {
            "gateway_id": "",
            "id": "rtbassoc-0b973163a012707f1",
            "route_table_id": "rtb-0315af8b303d36f3a",
            "subnet_id": "subnet-0c3f87cfb6af75bd8",
            "timeouts": null
          },
          "sensitive_attributes": [],
          "private": "eyJlMmJmYjczMC1lY2FhLTExZTYtOGY4OC0zNDM2M2JjN2M0YzAiOnsiY3JlYXRlIjozMDAwMDAwMDAwMDAsImRlbGV0ZSI6MzAwMDAwMDAwMDAwLCJ1cGRhdGUiOjEyMDAwMDAwMDAwMH19",
          "dependencies": [
            "aws_internet_gateway.main",
            "aws_route_table.public",
            "aws_subnet.private_a",
            "aws_vpc.main"
          ]
        }
      ]
    },
    {
      "mode": "managed",
      "type": "aws_route_table_association",
      "name": "b",
      "provider": "provider[\"registry.terraform.io/hashicorp/aws\"]",
      "instances": [
        {
          "schema_version": 0,
          "attributes": {
            "gateway_id": "",
            "id": "rtbassoc-01863a7f279c0fbdf",
            "route_table_id": "rtb-0315af8b303d36f3a",
            "subnet_id": "subnet-03e96b9010fcdfa3f",
            "timeouts": null
          },
          "sensitive_attributes": [],
          "private": "eyJlMmJmYjczMC1lY2FhLTExZTYtOGY4OC0zNDM2M2JjN2M0YzAiOnsiY3JlYXRlIjozMDAwMDAwMDAwMDAsImRlbGV0ZSI6MzAwMDAwMDAwMDAwLCJ1cGRhdGUiOjEyMDAwMDAwMDAwMH19",
          "dependencies": [
            "aws_internet_gateway.main",
            "aws_route_table.public",
            "aws_subnet.private_b",
            "aws_vpc.main"
          ]
        }
      ]
    },
    {
      "mode": "managed",
      "type": "aws_security_group",
      "name": "debezium",
      "provider": "provider[\"registry.terraform.io/hashicorp/aws\"]",
      "instances": [
        {
          "schema_version": 1,
          "attributes": {
            "arn": "arn:aws:ec2:eu-north-1:467091806172:security-group/sg-0390a6ba9a304d5f2",
            "description": "Debezium host - SSH access only",
            "egress": [
              {
                "cidr_blocks": [
                  "0.0.0.0/0"
                ],
                "description": "All outbound - needs to reach RDS and MSK in VPC",
                "from_port": 0,
                "ipv6_cidr_blocks": [],
                "prefix_list_ids": [],
                "protocol": "-1",
                "security_groups": [],
                "self": false,
                "to_port": 0
              }
            ],
            "id": "sg-0390a6ba9a304d5f2",
            "ingress": [
              {
                "cidr_blocks": [
                  "82.36.40.197/32"
                ],
                "description": "SSH from your IP",
                "from_port": 22,
                "ipv6_cidr_blocks": [],
                "prefix_list_ids": [],
                "protocol": "tcp",
                "security_groups": [],
                "self": false,
                "to_port": 22
              }
            ],
            "name": "staff-de-journey-debezium-sg",
            "name_prefix": "",
            "owner_id": "467091806172",
            "revoke_rules_on_delete": false,
            "tags": {
              "Name": "staff-de-journey-debezium-sg"
            },
            "tags_all": {
              "Name": "staff-de-journey-debezium-sg",
              "env": "dev",
              "project": "staff-de-journey"
            },
            "timeouts": null,
            "vpc_id": "vpc-0dd80759fb3b617ae"
          },
          "sensitive_attributes": [],
          "private": "eyJlMmJmYjczMC1lY2FhLTExZTYtOGY4OC0zNDM2M2JjN2M0YzAiOnsiY3JlYXRlIjo2MDAwMDAwMDAwMDAsImRlbGV0ZSI6OTAwMDAwMDAwMDAwfSwic2NoZW1hX3ZlcnNpb24iOiIxIn0=",
          "dependencies": [
            "aws_vpc.main"
          ]
        }
      ]
    },
    {
      "mode": "managed",
      "type": "aws_security_group",
      "name": "msk",
      "provider": "provider[\"registry.terraform.io/hashicorp/aws\"]",
      "instances": [
        {
          "schema_version": 1,
          "attributes": {
            "arn": "arn:aws:ec2:eu-north-1:467091806172:security-group/sg-094179e9650062c42",
            "description": "Controls access to MSK Kafka brokers",
            "egress": [
              {
                "cidr_blocks": [
                  "0.0.0.0/0"
                ],
                "description": "",
                "from_port": 0,
                "ipv6_cidr_blocks": [],
                "prefix_list_ids": [],
                "protocol": "-1",
                "security_groups": [],
                "self": false,
                "to_port": 0
              }
            ],
            "id": "sg-094179e9650062c42",
            "ingress": [
              {
                "cidr_blocks": [
                  "10.0.0.0/16"
                ],
                "description": "All traffic within VPC",
                "from_port": 0,
                "ipv6_cidr_blocks": [],
                "prefix_list_ids": [],
                "protocol": "-1",
                "security_groups": [],
                "self": false,
                "to_port": 0
              },
              {
                "cidr_blocks": [
                  "82.36.40.197/32"
                ],
                "description": "Kafka TLS from allowed CIDRs",
                "from_port": 9094,
                "ipv6_cidr_blocks": [],
                "prefix_list_ids": [],
                "protocol": "tcp",
                "security_groups": [],
                "self": false,
                "to_port": 9094
              },
              {
                "cidr_blocks": [
                  "82.36.40.197/32"
                ],
                "description": "Kafka plaintext from allowed CIDRs",
                "from_port": 9092,
                "ipv6_cidr_blocks": [],
                "prefix_list_ids": [],
                "protocol": "tcp",
                "security_groups": [],
                "self": false,
                "to_port": 9092
              },
              {
                "cidr_blocks": [
                  "82.36.40.197/32"
                ],
                "description": "Kafka public TLS port",
                "from_port": 9196,
                "ipv6_cidr_blocks": [],
                "prefix_list_ids": [],
                "protocol": "tcp",
                "security_groups": [],
                "self": false,
                "to_port": 9196
              },
              {
                "cidr_blocks": [
                  "82.36.40.197/32"
                ],
                "description": "Zookeeper from allowed CIDRs",
                "from_port": 2181,
                "ipv6_cidr_blocks": [],
                "prefix_list_ids": [],
                "protocol": "tcp",
                "security_groups": [],
                "self": false,
                "to_port": 2181
              }
            ],
            "name": "staff-de-journey-msk-sg",
            "name_prefix": "",
            "owner_id": "467091806172",
            "revoke_rules_on_delete": false,
            "tags": {
              "Name": "staff-de-journey-msk-sg"
            },
            "tags_all": {
              "Name": "staff-de-journey-msk-sg",
              "env": "dev",
              "project": "staff-de-journey"
            },
            "timeouts": null,
            "vpc_id": "vpc-0dd80759fb3b617ae"
          },
          "sensitive_attributes": [],
          "private": "eyJlMmJmYjczMC1lY2FhLTExZTYtOGY4OC0zNDM2M2JjN2M0YzAiOnsiY3JlYXRlIjo2MDAwMDAwMDAwMDAsImRlbGV0ZSI6OTAwMDAwMDAwMDAwfSwic2NoZW1hX3ZlcnNpb24iOiIxIn0=",
          "dependencies": [
            "aws_vpc.main"
          ]
        }
      ]
    },
    {
      "mode": "managed",
      "type": "aws_security_group",
      "name": "rds",
      "provider": "provider[\"registry.terraform.io/hashicorp/aws\"]",
      "instances": [
        {
          "schema_version": 1,
          "attributes": {
            "arn": "arn:aws:ec2:eu-north-1:467091806172:security-group/sg-09b7548058600ad3e",
            "description": "Controls access to RDS PostgreSQL port 5432",
            "egress": [
              {
                "cidr_blocks": [
                  "0.0.0.0/0"
                ],
                "description": "Allow all outbound",
                "from_port": 0,
                "ipv6_cidr_blocks": [],
                "prefix_list_ids": [],
                "protocol": "-1",
                "security_groups": [],
                "self": false,
                "to_port": 0
              }
            ],
            "id": "sg-09b7548058600ad3e",
            "ingress": [
              {
                "cidr_blocks": [
                  "82.36.40.197/32"
                ],
                "description": "PostgreSQL from allowed CIDRs (your IP + Debezium)",
                "from_port": 5432,
                "ipv6_cidr_blocks": [],
                "prefix_list_ids": [],
                "protocol": "tcp",
                "security_groups": [],
                "self": false,
                "to_port": 5432
              }
            ],
            "name": "staff-de-journey-rds-sg",
            "name_prefix": "",
            "owner_id": "467091806172",
            "revoke_rules_on_delete": false,
            "tags": {
              "Name": "staff-de-journey-rds-sg"
            },
            "tags_all": {
              "Name": "staff-de-journey-rds-sg",
              "env": "dev",
              "project": "staff-de-journey"
            },
            "timeouts": null,
            "vpc_id": "vpc-0dd80759fb3b617ae"
          },
          "sensitive_attributes": [],
          "private": "eyJlMmJmYjczMC1lY2FhLTExZTYtOGY4OC0zNDM2M2JjN2M0YzAiOnsiY3JlYXRlIjo2MDAwMDAwMDAwMDAsImRlbGV0ZSI6OTAwMDAwMDAwMDAwfSwic2NoZW1hX3ZlcnNpb24iOiIxIn0=",
          "dependencies": [
            "aws_vpc.main"
          ]
        }
      ]
    },
    {
      "mode": "managed",
      "type": "aws_subnet",
      "name": "private_a",
      "provider": "provider[\"registry.terraform.io/hashicorp/aws\"]",
      "instances": [
        {
          "schema_version": 1,
          "attributes": {
            "arn": "arn:aws:ec2:eu-north-1:467091806172:subnet/subnet-0c3f87cfb6af75bd8",
            "assign_ipv6_address_on_creation": false,
            "availability_zone": "eu-north-1a",
            "availability_zone_id": "eun1-az1",
            "cidr_block": "10.0.1.0/24",
            "customer_owned_ipv4_pool": "",
            "enable_dns64": false,
            "enable_lni_at_device_index": 0,
            "enable_resource_name_dns_a_record_on_launch": false,
            "enable_resource_name_dns_aaaa_record_on_launch": false,
            "id": "subnet-0c3f87cfb6af75bd8",
            "ipv6_cidr_block": "",
            "ipv6_cidr_block_association_id": "",
            "ipv6_native": false,
            "map_customer_owned_ip_on_launch": false,
            "map_public_ip_on_launch": false,
            "outpost_arn": "",
            "owner_id": "467091806172",
            "private_dns_hostname_type_on_launch": "ip-name",
            "tags": {
              "Name": "staff-de-journey-private-a"
            },
            "tags_all": {
              "Name": "staff-de-journey-private-a",
              "env": "dev",
              "project": "staff-de-journey"
            },
            "timeouts": null,
            "vpc_id": "vpc-0dd80759fb3b617ae"
          },
          "sensitive_attributes": [],
          "private": "eyJlMmJmYjczMC1lY2FhLTExZTYtOGY4OC0zNDM2M2JjN2M0YzAiOnsiY3JlYXRlIjo2MDAwMDAwMDAwMDAsImRlbGV0ZSI6MTIwMDAwMDAwMDAwMH0sInNjaGVtYV92ZXJzaW9uIjoiMSJ9",
          "dependencies": [
            "aws_vpc.main"
          ]
        }
      ]
    },
    {
      "mode": "managed",
      "type": "aws_subnet",
      "name": "private_b",
      "provider": "provider[\"registry.terraform.io/hashicorp/aws\"]",
      "instances": [
        {
          "schema_version": 1,
          "attributes": {
            "arn": "arn:aws:ec2:eu-north-1:467091806172:subnet/subnet-03e96b9010fcdfa3f",
            "assign_ipv6_address_on_creation": false,
            "availability_zone": "eu-north-1b",
            "availability_zone_id": "eun1-az2",
            "cidr_block": "10.0.2.0/24",
            "customer_owned_ipv4_pool": "",
            "enable_dns64": false,
            "enable_lni_at_device_index": 0,
            "enable_resource_name_dns_a_record_on_launch": false,
            "enable_resource_name_dns_aaaa_record_on_launch": false,
            "id": "subnet-03e96b9010fcdfa3f",
            "ipv6_cidr_block": "",
            "ipv6_cidr_block_association_id": "",
            "ipv6_native": false,
            "map_customer_owned_ip_on_launch": false,
            "map_public_ip_on_launch": false,
            "outpost_arn": "",
            "owner_id": "467091806172",
            "private_dns_hostname_type_on_launch": "ip-name",
            "tags": {
              "Name": "staff-de-journey-private-b"
            },
            "tags_all": {
              "Name": "staff-de-journey-private-b",
              "env": "dev",
              "project": "staff-de-journey"
            },
            "timeouts": null,
            "vpc_id": "vpc-0dd80759fb3b617ae"
          },
          "sensitive_attributes": [],
          "private": "eyJlMmJmYjczMC1lY2FhLTExZTYtOGY4OC0zNDM2M2JjN2M0YzAiOnsiY3JlYXRlIjo2MDAwMDAwMDAwMDAsImRlbGV0ZSI6MTIwMDAwMDAwMDAwMH0sInNjaGVtYV92ZXJzaW9uIjoiMSJ9",
          "dependencies": [
            "aws_vpc.main"
          ]
        }
      ]
    },
    {
      "mode": "managed",
      "type": "aws_vpc",
      "name": "main",
      "provider": "provider[\"registry.terraform.io/hashicorp/aws\"]",
      "instances": [
        {
          "schema_version": 1,
          "attributes": {
            "arn": "arn:aws:ec2:eu-north-1:467091806172:vpc/vpc-0dd80759fb3b617ae",
            "assign_generated_ipv6_cidr_block": false,
            "cidr_block": "10.0.0.0/16",
            "default_network_acl_id": "acl-0ec2346f517f24ef0",
            "default_route_table_id": "rtb-0f17f3022cbe8f634",
            "default_security_group_id": "sg-04775c5f5d1d4d5bd",
            "dhcp_options_id": "dopt-01e66006b8bbf2c10",
            "enable_dns_hostnames": true,
            "enable_dns_support": true,
            "enable_network_address_usage_metrics": false,
            "id": "vpc-0dd80759fb3b617ae",
            "instance_tenancy": "default",
            "ipv4_ipam_pool_id": null,
            "ipv4_netmask_length": null,
            "ipv6_association_id": "",
            "ipv6_cidr_block": "",
            "ipv6_cidr_block_network_border_group": "",
            "ipv6_ipam_pool_id": "",
            "ipv6_netmask_length": 0,
            "main_route_table_id": "rtb-0f17f3022cbe8f634",
            "owner_id": "467091806172",
            "tags": {
              "Name": "staff-de-journey-vpc"
            },
            "tags_all": {
              "Name": "staff-de-journey-vpc",
              "env": "dev",
              "project": "staff-de-journey"
            }
          },
          "sensitive_attributes": [],
          "private": "eyJzY2hlbWFfdmVyc2lvbiI6IjEifQ=="
        }
      ]
    }
  ],
  "check_results": null
}
